
Microsoft Visual Studio Solution File, Format Version 12.00
# Visual Studio Version 16
VisualStudioVersion = 16.0.31624.102
MinimumVisualStudioVersion = 10.0.40219.1
Project("{9A19103F-16F7-4668-BE54-9A1E7A4F7556}") = "InClassWPFExample", "InClassWPFExample\InClassWPFExample.csproj", "{1B018FF0-4E46-4BF2-9268-4052249BD390}"
EndProject
Project("{9A19103F-16F7-4668-BE54-9A1E7A4F7556}") = "WPF_FizzBuzz", "WPF_FizzBuzz\WPF_FizzBuzz.csproj", "{65BE9F66-83E0-43CE-A1B5-13504E721B7A}"
EndProject
Project("{9A19103F-16F7-4668-BE54-9A1E7A4F7556}") = "WPF_Student", "WPF_Student\WPF_Student.csproj", "{787D69B3-7C85-4E10-BBC4-2E234DDD4810}"
EndProject
Project("{9A19103F-16F7-4668-BE54-9A1E7A4F7556}") = "WPF_Files", "WPF_Files\WPF_Files.csproj", "{DFF1C878-3FD4-4E59-A655-E76E0E842960}"
EndProject
Project("{FAE04EC0-301F-11D3-BF4B-00C04F79EFBC}") = "WPF_JSON", "WPF_JSON\WPF_JSON.csproj", "{AE519B29-272C-4ED2-83FF-56DBFC6376FF}"
EndProject
Global
	GlobalSection(SolutionConfigurationPlatforms) = preSolution
		Debug|Any CPU = Debug|Any CPU
		Release|Any CPU = Release|Any CPU
	EndGlobalSection
	GlobalSection(ProjectConfigurationPlatforms) = postSolution
		{1B018FF0-4E46-4BF2-9268-4052249BD390}.Debug|Any CPU.ActiveCfg = Debug|Any CPU
		{1B018FF0-4E46-4BF2-9268-4052249BD390}.Debug|Any CPU.Build.0 = Debug|Any CPU
		{1B018FF0-4E46-4BF2-9268-4052249BD390}.Release|Any CPU.ActiveCfg = Release|Any CPU
		{1B018FF0-4E46-4BF2-9268-4052249BD390}.Release|Any CPU.Build.0 = Release|Any CPU
		{65BE9F66-83E0-43CE-A1B5-13504E721B7A}.Debug|Any CPU.ActiveCfg = Debug|Any CPU
		{65BE9F66-83E0-43CE-A1B5-13504E721B7A}.Debug|Any CPU.Build.0 = Debug|Any CPU
		{65BE9F66-83E0-43CE-A1B5-13504E721B7A}.Release|Any CPU.ActiveCfg = Release|Any CPU
		{65BE9F66-83E0-43CE-A1B5-13504E721B7A}.Release|Any CPU.Build.0 = Release|Any CPU
		{787D69B3-7C85-4E10-BBC4-2E234DDD4810}.Debug|Any CPU.ActiveCfg = Debug|Any CPU
		{787D69B3-7C85-4E10-BBC4-2E234DDD4810}.Debug|Any CPU.Build.0 = Debug|Any CPU
		{787D69B3-7C85-4E10-BBC4-2E234DDD4810}.Release|Any CPU.ActiveCfg = Release|Any CPU
		{787D69B3-7C85-4E10-BBC4-2E234DDD4810}.Release|Any CPU.Build.0 = Release|Any CPU
		{DFF1C878-3FD4-4E59-A655-E76E0E842960}.Debug|Any CPU.ActiveCfg = Debug|Any CPU
		{DFF1C878-3FD4-4E59-A655-E76E0E842960}.Debug|Any CPU.Build.0 = Debug|Any CPU
		{DFF1C878-3FD4-4E59-A655-E76E0E842960}.Release|Any CPU.ActiveCfg = Release|Any CPU
		{DFF1C878-3FD4-4E59-A655-E76E0E842960}.Release|Any CPU.Build.0 = Release|Any CPU
		{AE519B29-272C-4ED2-83FF-56DBFC6376FF}.Debug|Any CPU.ActiveCfg = Debug|Any CPU
		{AE519B29-272C-4ED2-83FF-56DBFC6376FF}.Debug|Any CPU.Build.0 = Debug|Any CPU
		{AE519B29-272C-4ED2-83FF-56DBFC6376FF}.Release|Any CPU.ActiveCfg = Release|Any CPU
		{AE519B29-272C-4ED2-83FF-56DBFC6376FF}.Release|Any CPU.Build.0 = Release|Any CPU
	EndGlobalSection
	GlobalSection(SolutionProperties) = preSolution
		HideSolutionNode = FALSE
	EndGlobalSection
	GlobalSection(ExtensibilityGlobals) = postSolution
		SolutionGuid = {64CCDE63-A866-4218-BD5A-87931CF04D83}
	EndGlobalSection
EndGlobal
